// !$*UTF8*$!
{
	archiveVersion = 1;
	classes = {
	};
	objectVersion = 50;
	objects = {

/* Begin PBXBuildFile section */
		3D28A5C9212FFADC0031AA6A /* RLDownloader.m in Sources */ = {isa = PBXBuildFile; fileRef = 3D28A5C8212FFADC0031AA6A /* RLDownloader.m */; };
		3D28A5CD212FFC2F0031AA6A /* RLJsonParser.m in Sources */ = {isa = PBXBuildFile; fileRef = 3D28A5CC212FFC2F0031AA6A /* RLJsonParser.m */; };
		3D28A5DE213043EE0031AA6A /* RLMainViewController.swift in Sources */ = {isa = PBXBuildFile; fileRef = 3D28A5DD213043EE0031AA6A /* RLMainViewController.swift */; };
		3D28A5E0213045F20031AA6A /* GiphyModel2.swift in Sources */ = {isa = PBXBuildFile; fileRef = 3D28A5DF213045F20031AA6A /* GiphyModel2.swift */; };
		3D28A5E2213051C50031AA6A /* ModelService2.swift in Sources */ = {isa = PBXBuildFile; fileRef = 3D28A5E1213051C50031AA6A /* ModelService2.swift */; };
		3D28A5E42130693D0031AA6A /* Presenter2.swift in Sources */ = {isa = PBXBuildFile; fileRef = 3D28A5E32130693D0031AA6A /* Presenter2.swift */; };
		3D3504632133FF9700B11184 /* GIF+UIImageView.swift in Sources */ = {isa = PBXBuildFile; fileRef = 3D3504622133FF9700B11184 /* GIF+UIImageView.swift */; };
		3D350483213466BE00B11184 /* RLCollectionViewCell.swift in Sources */ = {isa = PBXBuildFile; fileRef = 3D350482213466BE00B11184 /* RLCollectionViewCell.swift */; };
		3D3600902136C03300ABEDCC /* RLDetailedViewController.xib in Resources */ = {isa = PBXBuildFile; fileRef = 3D36008F2136C03300ABEDCC /* RLDetailedViewController.xib */; };
		3DF840D1212EC07B00E23A8F /* Main.storyboard in Resources */ = {isa = PBXBuildFile; fileRef = 3DF840CF212EC07B00E23A8F /* Main.storyboard */; };
		3DF840D3212EC07C00E23A8F /* Assets.xcassets in Resources */ = {isa = PBXBuildFile; fileRef = 3DF840D2212EC07C00E23A8F /* Assets.xcassets */; };
		3DF840D6212EC07C00E23A8F /* LaunchScreen.storyboard in Resources */ = {isa = PBXBuildFile; fileRef = 3DF840D4212EC07C00E23A8F /* LaunchScreen.storyboard */; };
		3DF840E1212EEBE600E23A8F /* GiphyModel.m in Sources */ = {isa = PBXBuildFile; fileRef = 3DF840E0212EEBE600E23A8F /* GiphyModel.m */; };
		CE1AEBCE21358CEA0042E421 /* RLMainView.swift in Sources */ = {isa = PBXBuildFile; fileRef = CE1AEBCD21358CEA0042E421 /* RLMainView.swift */; };
		CE351D5921332EB50016B2D5 /* Gif.m in Sources */ = {isa = PBXBuildFile; fileRef = CE351D5821332EB50016B2D5 /* Gif.m */; };
		CEDB74F921360B6400528CFF /* RLDetailedViewController.swift in Sources */ = {isa = PBXBuildFile; fileRef = CEDB74F821360B6400528CFF /* RLDetailedViewController.swift */; };
		CEDB75072136131B00528CFF /* RLAppDelegate.swift in Sources */ = {isa = PBXBuildFile; fileRef = CEDB75062136131B00528CFF /* RLAppDelegate.swift */; };
/* End PBXBuildFile section */

/* Begin PBXFileReference section */
		3D28A5C7212FFADC0031AA6A /* RLDownloader.h */ = {isa = PBXFileReference; lastKnownFileType = sourcecode.c.h; path = RLDownloader.h; sourceTree = "<group>"; };
		3D28A5C8212FFADC0031AA6A /* RLDownloader.m */ = {isa = PBXFileReference; lastKnownFileType = sourcecode.c.objc; path = RLDownloader.m; sourceTree = "<group>"; };
		3D28A5CA212FFB190031AA6A /* ConstantsForParsing.h */ = {isa = PBXFileReference; lastKnownFileType = sourcecode.c.h; path = ConstantsForParsing.h; sourceTree = "<group>"; };
		3D28A5CB212FFC2F0031AA6A /* RLJsonParser.h */ = {isa = PBXFileReference; lastKnownFileType = sourcecode.c.h; path = RLJsonParser.h; sourceTree = "<group>"; };
		3D28A5CC212FFC2F0031AA6A /* RLJsonParser.m */ = {isa = PBXFileReference; lastKnownFileType = sourcecode.c.objc; path = RLJsonParser.m; sourceTree = "<group>"; };
		3D28A5D8213032A30031AA6A /* downloaderGifs-Bridging-Header.h */ = {isa = PBXFileReference; lastKnownFileType = sourcecode.c.h; path = "downloaderGifs-Bridging-Header.h"; sourceTree = "<group>"; };
		3D28A5DD213043EE0031AA6A /* RLMainViewController.swift */ = {isa = PBXFileReference; lastKnownFileType = sourcecode.swift; path = RLMainViewController.swift; sourceTree = "<group>"; };
		3D28A5DF213045F20031AA6A /* GiphyModel2.swift */ = {isa = PBXFileReference; lastKnownFileType = sourcecode.swift; path = GiphyModel2.swift; sourceTree = "<group>"; };
		3D28A5E1213051C50031AA6A /* ModelService2.swift */ = {isa = PBXFileReference; lastKnownFileType = sourcecode.swift; path = ModelService2.swift; sourceTree = "<group>"; };
		3D28A5E32130693D0031AA6A /* Presenter2.swift */ = {isa = PBXFileReference; lastKnownFileType = sourcecode.swift; path = Presenter2.swift; sourceTree = "<group>"; };
		3D3504622133FF9700B11184 /* GIF+UIImageView.swift */ = {isa = PBXFileReference; lastKnownFileType = sourcecode.swift; path = "GIF+UIImageView.swift"; sourceTree = "<group>"; };
		3D350482213466BE00B11184 /* RLCollectionViewCell.swift */ = {isa = PBXFileReference; lastKnownFileType = sourcecode.swift; path = RLCollectionViewCell.swift; sourceTree = "<group>"; };
		3D36008F2136C03300ABEDCC /* RLDetailedViewController.xib */ = {isa = PBXFileReference; lastKnownFileType = file.xib; path = RLDetailedViewController.xib; sourceTree = "<group>"; };
		3DF840C6212EC07B00E23A8F /* downloaderGifs.app */ = {isa = PBXFileReference; explicitFileType = wrapper.application; includeInIndex = 0; path = downloaderGifs.app; sourceTree = BUILT_PRODUCTS_DIR; };
		3DF840D0212EC07B00E23A8F /* Base */ = {isa = PBXFileReference; lastKnownFileType = file.storyboard; name = Base; path = Base.lproj/Main.storyboard; sourceTree = "<group>"; };
		3DF840D2212EC07C00E23A8F /* Assets.xcassets */ = {isa = PBXFileReference; lastKnownFileType = folder.assetcatalog; path = Assets.xcassets; sourceTree = "<group>"; };
		3DF840D5212EC07C00E23A8F /* Base */ = {isa = PBXFileReference; lastKnownFileType = file.storyboard; name = Base; path = Base.lproj/LaunchScreen.storyboard; sourceTree = "<group>"; };
		3DF840D7212EC07C00E23A8F /* Info.plist */ = {isa = PBXFileReference; lastKnownFileType = text.plist.xml; path = Info.plist; sourceTree = "<group>"; };
		3DF840DF212EEBE600E23A8F /* GiphyModel.h */ = {isa = PBXFileReference; lastKnownFileType = sourcecode.c.h; path = GiphyModel.h; sourceTree = "<group>"; };
		3DF840E0212EEBE600E23A8F /* GiphyModel.m */ = {isa = PBXFileReference; lastKnownFileType = sourcecode.c.objc; path = GiphyModel.m; sourceTree = "<group>"; };
		CE1AEBCD21358CEA0042E421 /* RLMainView.swift */ = {isa = PBXFileReference; lastKnownFileType = sourcecode.swift; path = RLMainView.swift; sourceTree = "<group>"; };
		CE351D5721332EB50016B2D5 /* Gif.h */ = {isa = PBXFileReference; lastKnownFileType = sourcecode.c.h; path = Gif.h; sourceTree = "<group>"; };
		CE351D5821332EB50016B2D5 /* Gif.m */ = {isa = PBXFileReference; lastKnownFileType = sourcecode.c.objc; path = Gif.m; sourceTree = "<group>"; };
		CEDB74F821360B6400528CFF /* RLDetailedViewController.swift */ = {isa = PBXFileReference; lastKnownFileType = sourcecode.swift; path = RLDetailedViewController.swift; sourceTree = "<group>"; };
		CEDB75062136131B00528CFF /* RLAppDelegate.swift */ = {isa = PBXFileReference; fileEncoding = 4; lastKnownFileType = sourcecode.swift; path = RLAppDelegate.swift; sourceTree = "<group>"; };
/* End PBXFileReference section */

/* Begin PBXFrameworksBuildPhase section */
		3DF840C3212EC07B00E23A8F /* Frameworks */ = {
			isa = PBXFrameworksBuildPhase;
			buildActionMask = 2147483647;
			files = (
			);
			runOnlyForDeploymentPostprocessing = 0;
		};
/* End PBXFrameworksBuildPhase section */

/* Begin PBXGroup section */
		3D28A5CE212FFCA50031AA6A /* RLJsonParser */ = {
			isa = PBXGroup;
			children = (
				3D28A5CA212FFB190031AA6A /* ConstantsForParsing.h */,
				3D28A5CB212FFC2F0031AA6A /* RLJsonParser.h */,
				3D28A5CC212FFC2F0031AA6A /* RLJsonParser.m */,
			);
			path = RLJsonParser;
			sourceTree = "<group>";
		};
		3D28A5CF212FFCB30031AA6A /* RLDownloader */ = {
			isa = PBXGroup;
			children = (
				3D28A5C7212FFADC0031AA6A /* RLDownloader.h */,
				3D28A5C8212FFADC0031AA6A /* RLDownloader.m */,
			);
			path = RLDownloader;
			sourceTree = "<group>";
		};
		3D28A5D0212FFCCC0031AA6A /* ModelGiphy */ = {
			isa = PBXGroup;
			children = (
				3D28A5E1213051C50031AA6A /* ModelService2.swift */,
				3D28A5DF213045F20031AA6A /* GiphyModel2.swift */,
				3D3504622133FF9700B11184 /* GIF+UIImageView.swift */,
			);
			path = ModelGiphy;
			sourceTree = "<group>";
		};
		3D28A5D7213031E50031AA6A /* RLDetailedViewController */ = {
			isa = PBXGroup;
			children = (
				CEDB74F821360B6400528CFF /* RLDetailedViewController.swift */,
				3D36008F2136C03300ABEDCC /* RLDetailedViewController.xib */,
				3D28A5E32130693D0031AA6A /* Presenter2.swift */,
			);
			path = RLDetailedViewController;
			sourceTree = "<group>";
		};
		3DF840BD212EC07B00E23A8F = {
			isa = PBXGroup;
			children = (
				3DF840C8212EC07B00E23A8F /* downloaderGifs */,
				3DF840C7212EC07B00E23A8F /* Products */,
			);
			sourceTree = "<group>";
		};
		3DF840C7212EC07B00E23A8F /* Products */ = {
			isa = PBXGroup;
			children = (
				3DF840C6212EC07B00E23A8F /* downloaderGifs.app */,
			);
			name = Products;
			sourceTree = "<group>";
		};
		3DF840C8212EC07B00E23A8F /* downloaderGifs */ = {
			isa = PBXGroup;
			children = (
				CEDB75062136131B00528CFF /* RLAppDelegate.swift */,
				CE1AEBCD21358CEA0042E421 /* RLMainView.swift */,
				3D28A5DD213043EE0031AA6A /* RLMainViewController.swift */,
				3D350482213466BE00B11184 /* RLCollectionViewCell.swift */,
				3D28A5D7213031E50031AA6A /* RLDetailedViewController */,
				3D28A5D0212FFCCC0031AA6A /* ModelGiphy */,
				3D28A5CF212FFCB30031AA6A /* RLDownloader */,
				3D28A5CE212FFCA50031AA6A /* RLJsonParser */,
				3D28A5D8213032A30031AA6A /* downloaderGifs-Bridging-Header.h */,
				CE351D5621332E9E0016B2D5 /* Model */,
				3DF840CF212EC07B00E23A8F /* Main.storyboard */,
				3DF840D2212EC07C00E23A8F /* Assets.xcassets */,
				3DF840D4212EC07C00E23A8F /* LaunchScreen.storyboard */,
				3DF840D7212EC07C00E23A8F /* Info.plist */,
			);
			path = downloaderGifs;
			sourceTree = "<group>";
		};
		CE351D5621332E9E0016B2D5 /* Model */ = {
			isa = PBXGroup;
			children = (
				3DF840DF212EEBE600E23A8F /* GiphyModel.h */,
				3DF840E0212EEBE600E23A8F /* GiphyModel.m */,
				CE351D5721332EB50016B2D5 /* Gif.h */,
				CE351D5821332EB50016B2D5 /* Gif.m */,
			);
			path = Model;
			sourceTree = "<group>";
		};
/* End PBXGroup section */

/* Begin PBXNativeTarget section */
		3DF840C5212EC07B00E23A8F /* downloaderGifs */ = {
			isa = PBXNativeTarget;
			buildConfigurationList = 3DF840DC212EC07C00E23A8F /* Build configuration list for PBXNativeTarget "downloaderGifs" */;
			buildPhases = (
				3DF840C2212EC07B00E23A8F /* Sources */,
				3DF840C3212EC07B00E23A8F /* Frameworks */,
				3DF840C4212EC07B00E23A8F /* Resources */,
			);
			buildRules = (
			);
			dependencies = (
			);
			name = downloaderGifs;
			productName = downloaderGifs;
			productReference = 3DF840C6212EC07B00E23A8F /* downloaderGifs.app */;
			productType = "com.apple.product-type.application";
		};
/* End PBXNativeTarget section */

/* Begin PBXProject section */
		3DF840BE212EC07B00E23A8F /* Project object */ = {
			isa = PBXProject;
			attributes = {
				LastUpgradeCheck = 0940;
				ORGANIZATIONNAME = "Radzivon Uhrynovich";
				TargetAttributes = {
					3DF840C5212EC07B00E23A8F = {
						CreatedOnToolsVersion = 9.4.1;
						LastSwiftMigration = 0940;
					};
				};
			};
			buildConfigurationList = 3DF840C1212EC07B00E23A8F /* Build configuration list for PBXProject "downloaderGifs" */;
			compatibilityVersion = "Xcode 9.3";
			developmentRegion = en;
			hasScannedForEncodings = 0;
			knownRegions = (
				en,
				Base,
			);
			mainGroup = 3DF840BD212EC07B00E23A8F;
			productRefGroup = 3DF840C7212EC07B00E23A8F /* Products */;
			projectDirPath = "";
			projectRoot = "";
			targets = (
				3DF840C5212EC07B00E23A8F /* downloaderGifs */,
			);
		};
/* End PBXProject section */

/* Begin PBXResourcesBuildPhase section */
		3DF840C4212EC07B00E23A8F /* Resources */ = {
			isa = PBXResourcesBuildPhase;
			buildActionMask = 2147483647;
			files = (
				3DF840D6212EC07C00E23A8F /* LaunchScreen.storyboard in Resources */,
				3D3600902136C03300ABEDCC /* RLDetailedViewController.xib in Resources */,
				3DF840D3212EC07C00E23A8F /* Assets.xcassets in Resources */,
				3DF840D1212EC07B00E23A8F /* Main.storyboard in Resources */,
			);
			runOnlyForDeploymentPostprocessing = 0;
		};
/* End PBXResourcesBuildPhase section */

/* Begin PBXSourcesBuildPhase section */
		3DF840C2212EC07B00E23A8F /* Sources */ = {
			isa = PBXSourcesBuildPhase;
			buildActionMask = 2147483647;
			files = (
				CE1AEBCE21358CEA0042E421 /* RLMainView.swift in Sources */,
				3D28A5DE213043EE0031AA6A /* RLMainViewController.swift in Sources */,
				3D28A5CD212FFC2F0031AA6A /* RLJsonParser.m in Sources */,
				CEDB75072136131B00528CFF /* RLAppDelegate.swift in Sources */,
				3D3504632133FF9700B11184 /* GIF+UIImageView.swift in Sources */,
				CE351D5921332EB50016B2D5 /* Gif.m in Sources */,
				3DF840E1212EEBE600E23A8F /* GiphyModel.m in Sources */,
				3D28A5C9212FFADC0031AA6A /* RLDownloader.m in Sources */,
				3D28A5E42130693D0031AA6A /* Presenter2.swift in Sources */,
				3D350483213466BE00B11184 /* RLCollectionViewCell.swift in Sources */,
				3D28A5E0213045F20031AA6A /* GiphyModel2.swift in Sources */,
				CEDB74F921360B6400528CFF /* RLDetailedViewController.swift in Sources */,
				3D28A5E2213051C50031AA6A /* ModelService2.swift in Sources */,
			);
			runOnlyForDeploymentPostprocessing = 0;
		};
/* End PBXSourcesBuildPhase section */

/* Begin PBXVariantGroup section */
		3DF840CF212EC07B00E23A8F /* Main.storyboard */ = {
			isa = PBXVariantGroup;
			children = (
				3DF840D0212EC07B00E23A8F /* Base */,
			);
			name = Main.storyboard;
			sourceTree = "<group>";
		};
		3DF840D4212EC07C00E23A8F /* LaunchScreen.storyboard */ = {
			isa = PBXVariantGroup;
			children = (
				3DF840D5212EC07C00E23A8F /* Base */,
			);
			name = LaunchScreen.storyboard;
			sourceTree = "<group>";
		};
/* End PBXVariantGroup section */

/* Begin XCBuildConfiguration section */
		3DF840DA212EC07C00E23A8F /* Debug */ = {
			isa = XCBuildConfiguration;
			buildSettings = {
				ALWAYS_SEARCH_USER_PATHS = NO;
				CLANG_ANALYZER_NONNULL = YES;
				CLANG_ANALYZER_NUMBER_OBJECT_CONVERSION = YES_AGGRESSIVE;
				CLANG_CXX_LANGUAGE_STANDARD = "gnu++14";
				CLANG_CXX_LIBRARY = "libc++";
				CLANG_ENABLE_MODULES = YES;
				CLANG_ENABLE_OBJC_ARC = YES;
				CLANG_ENABLE_OBJC_WEAK = YES;
				CLANG_WARN_BLOCK_CAPTURE_AUTORELEASING = YES;
				CLANG_WARN_BOOL_CONVERSION = YES;
				CLANG_WARN_COMMA = YES;
				CLANG_WARN_CONSTANT_CONVERSION = YES;
				CLANG_WARN_DEPRECATED_OBJC_IMPLEMENTATIONS = YES;
				CLANG_WARN_DIRECT_OBJC_ISA_USAGE = YES_ERROR;
				CLANG_WARN_DOCUMENTATION_COMMENTS = YES;
				CLANG_WARN_EMPTY_BODY = YES;
				CLANG_WARN_ENUM_CONVERSION = YES;
				CLANG_WARN_INFINITE_RECURSION = YES;
				CLANG_WARN_INT_CONVERSION = YES;
				CLANG_WARN_NON_LITERAL_NULL_CONVERSION = YES;
				CLANG_WARN_OBJC_IMPLICIT_RETAIN_SELF = YES;
				CLANG_WARN_OBJC_LITERAL_CONVERSION = YES;
				CLANG_WARN_OBJC_ROOT_CLASS = YES_ERROR;
				CLANG_WARN_RANGE_LOOP_ANALYSIS = YES;
				CLANG_WARN_STRICT_PROTOTYPES = YES;
				CLANG_WARN_SUSPICIOUS_MOVE = YES;
				CLANG_WARN_UNGUARDED_AVAILABILITY = YES_AGGRESSIVE;
				CLANG_WARN_UNREACHABLE_CODE = YES;
				CLANG_WARN__DUPLICATE_METHOD_MATCH = YES;
				CODE_SIGN_IDENTITY = "iPhone Developer";
				COPY_PHASE_STRIP = NO;
				DEBUG_INFORMATION_FORMAT = dwarf;
				ENABLE_STRICT_OBJC_MSGSEND = YES;
				ENABLE_TESTABILITY = YES;
				GCC_C_LANGUAGE_STANDARD = gnu11;
				GCC_DYNAMIC_NO_PIC = NO;
				GCC_NO_COMMON_BLOCKS = YES;
				GCC_OPTIMIZATION_LEVEL = 0;
				GCC_PREPROCESSOR_DEFINITIONS = (
					"DEBUG=1",
					"$(inherited)",
				);
				GCC_WARN_64_TO_32_BIT_CONVERSION = YES;
				GCC_WARN_ABOUT_RETURN_TYPE = YES_ERROR;
				GCC_WARN_UNDECLARED_SELECTOR = YES;
				GCC_WARN_UNINITIALIZED_AUTOS = YES_AGGRESSIVE;
				GCC_WARN_UNUSED_FUNCTION = YES;
				GCC_WARN_UNUSED_VARIABLE = YES;
				IPHONEOS_DEPLOYMENT_TARGET = 11.4;
				MTL_ENABLE_DEBUG_INFO = YES;
				ONLY_ACTIVE_ARCH = YES;
				SDKROOT = iphoneos;
			};
			name = Debug;
		};
		3DF840DB212EC07C00E23A8F /* Release */ = {
			isa = XCBuildConfiguration;
			buildSettings = {
				ALWAYS_SEARCH_USER_PATHS = NO;
				CLANG_ANALYZER_NONNULL = YES;
				CLANG_ANALYZER_NUMBER_OBJECT_CONVERSION = YES_AGGRESSIVE;
				CLANG_CXX_LANGUAGE_STANDARD = "gnu++14";
				CLANG_CXX_LIBRARY = "libc++";
				CLANG_ENABLE_MODULES = YES;
				CLANG_ENABLE_OBJC_ARC = YES;
				CLANG_ENABLE_OBJC_WEAK = YES;
				CLANG_WARN_BLOCK_CAPTURE_AUTORELEASING = YES;
				CLANG_WARN_BOOL_CONVERSION = YES;
				CLANG_WARN_COMMA = YES;
				CLANG_WARN_CONSTANT_CONVERSION = YES;
				CLANG_WARN_DEPRECATED_OBJC_IMPLEMENTATIONS = YES;
				CLANG_WARN_DIRECT_OBJC_ISA_USAGE = YES_ERROR;
				CLANG_WARN_DOCUMENTATION_COMMENTS = YES;
				CLANG_WARN_EMPTY_BODY = YES;
				CLANG_WARN_ENUM_CONVERSION = YES;
				CLANG_WARN_INFINITE_RECURSION = YES;
				CLANG_WARN_INT_CONVERSION = YES;
				CLANG_WARN_NON_LITERAL_NULL_CONVERSION = YES;
				CLANG_WARN_OBJC_IMPLICIT_RETAIN_SELF = YES;
				CLANG_WARN_OBJC_LITERAL_CONVERSION = YES;
				CLANG_WARN_OBJC_ROOT_CLASS = YES_ERROR;
				CLANG_WARN_RANGE_LOOP_ANALYSIS = YES;
				CLANG_WARN_STRICT_PROTOTYPES = YES;
				CLANG_WARN_SUSPICIOUS_MOVE = YES;
				CLANG_WARN_UNGUARDED_AVAILABILITY = YES_AGGRESSIVE;
				CLANG_WARN_UNREACHABLE_CODE = YES;
				CLANG_WARN__DUPLICATE_METHOD_MATCH = YES;
				CODE_SIGN_IDENTITY = "iPhone Developer";
				COPY_PHASE_STRIP = NO;
				DEBUG_INFORMATION_FORMAT = "dwarf-with-dsym";
				ENABLE_NS_ASSERTIONS = NO;
				ENABLE_STRICT_OBJC_MSGSEND = YES;
				GCC_C_LANGUAGE_STANDARD = gnu11;
				GCC_NO_COMMON_BLOCKS = YES;
				GCC_WARN_64_TO_32_BIT_CONVERSION = YES;
				GCC_WARN_ABOUT_RETURN_TYPE = YES_ERROR;
				GCC_WARN_UNDECLARED_SELECTOR = YES;
				GCC_WARN_UNINITIALIZED_AUTOS = YES_AGGRESSIVE;
				GCC_WARN_UNUSED_FUNCTION = YES;
				GCC_WARN_UNUSED_VARIABLE = YES;
				IPHONEOS_DEPLOYMENT_TARGET = 11.4;
				MTL_ENABLE_DEBUG_INFO = NO;
				SDKROOT = iphoneos;
				VALIDATE_PRODUCT = YES;
			};
			name = Release;
		};
		3DF840DD212EC07C00E23A8F /* Debug */ = {
			isa = XCBuildConfiguration;
			buildSettings = {
				ASSETCATALOG_COMPILER_APPICON_NAME = AppIcon;
				CLANG_ENABLE_MODULES = YES;
				CODE_SIGN_STYLE = Automatic;
				INFOPLIST_FILE = downloaderGifs/Info.plist;
				LD_RUNPATH_SEARCH_PATHS = (
					"$(inherited)",
					"@executable_path/Frameworks",
				);
				PRODUCT_BUNDLE_IDENTIFIER = bnr.downloaderGifs;
				PRODUCT_NAME = "$(TARGET_NAME)";
				SWIFT_OBJC_BRIDGING_HEADER = "/Users/radzivon_uhrynovich/Desktop/tmp/downloaderGifs/downloaderGifs-Bridging-Header.h";
				SWIFT_OPTIMIZATION_LEVEL = "-Onone";
				SWIFT_VERSION = 3.0;
				TARGETED_DEVICE_FAMILY = "1,2";
			};
			name = Debug;
		};
		3DF840DE212EC07C00E23A8F /* Release */ = {
			isa = XCBuildConfiguration;
			buildSettings = {
				ASSETCATALOG_COMPILER_APPICON_NAME = AppIcon;
				CLANG_ENABLE_MODULES = YES;
				CODE_SIGN_STYLE = Automatic;
				INFOPLIST_FILE = downloaderGifs/Info.plist;
				LD_RUNPATH_SEARCH_PATHS = (
					"$(inherited)",
					"@executable_path/Frameworks",
				);
				PRODUCT_BUNDLE_IDENTIFIER = bnr.downloaderGifs;
				PRODUCT_NAME = "$(TARGET_NAME)";
				SWIFT_OBJC_BRIDGING_HEADER = "/Users/radzivon_uhrynovich/Desktop/tmp/downloaderGifs/downloaderGifs-Bridging-Header.h";
				SWIFT_VERSION = 3.0;
				TARGETED_DEVICE_FAMILY = "1,2";
			};
			name = Release;
		};
/* End XCBuildConfiguration section */

/* Begin XCConfigurationList section */
		3DF840C1212EC07B00E23A8F /* Build configuration list for PBXProject "downloaderGifs" */ = {
			isa = XCConfigurationList;
			buildConfigurations = (
				3DF840DA212EC07C00E23A8F /* Debug */,
				3DF840DB212EC07C00E23A8F /* Release */,
			);
			defaultConfigurationIsVisible = 0;
			defaultConfigurationName = Release;
		};
		3DF840DC212EC07C00E23A8F /* Build configuration list for PBXNativeTarget "downloaderGifs" */ = {
			isa = XCConfigurationList;
			buildConfigurations = (
				3DF840DD212EC07C00E23A8F /* Debug */,
				3DF840DE212EC07C00E23A8F /* Release */,
			);
			defaultConfigurationIsVisible = 0;
			defaultConfigurationName = Release;
		};
/* End XCConfigurationList section */
	};
	rootObject = 3DF840BE212EC07B00E23A8F /* Project object */;
}
